
Microsoft Visual Studio Solution File, Format Version 12.00
# Visual Studio Version 17
VisualStudioVersion = 17.0.31912.275
MinimumVisualStudioVersion = 10.0.40219.1
Project("{FAE04EC0-301F-11D3-BF4B-00C04F79EFBC}") = "Shauns Cleaning Service Assignment", "Shauns Cleaning Service Assignment\Shauns Cleaning Service Assignment.csproj", "{FC47D844-10DD-48E9-A629-C8B7CEFB9356}"
EndProject
Project("{FAE04EC0-301F-11D3-BF4B-00C04F79EFBC}") = "Unit Tests", "Unit Tests\Unit Tests.csproj", "{7DD2AAF7-3865-4C37-9EF0-D06EE89D7F95}"
EndProject
Global
	GlobalSection(SolutionConfigurationPlatforms) = preSolution
		Debug|Any CPU = Debug|Any CPU
		Release|Any CPU = Release|Any CPU
	EndGlobalSection
	GlobalSection(ProjectConfigurationPlatforms) = postSolution
		{FC47D844-10DD-48E9-A629-C8B7CEFB9356}.Debug|Any CPU.ActiveCfg = Debug|Any CPU
		{FC47D844-10DD-48E9-A629-C8B7CEFB9356}.Debug|Any CPU.Build.0 = Debug|Any CPU
		{FC47D844-10DD-48E9-A629-C8B7CEFB9356}.Release|Any CPU.ActiveCfg = Release|Any CPU
		{FC47D844-10DD-48E9-A629-C8B7CEFB9356}.Release|Any CPU.Build.0 = Release|Any CPU
		{7DD2AAF7-3865-4C37-9EF0-D06EE89D7F95}.Debug|Any CPU.ActiveCfg = Debug|Any CPU
		{7DD2AAF7-3865-4C37-9EF0-D06EE89D7F95}.Debug|Any CPU.Build.0 = Debug|Any CPU
		{7DD2AAF7-3865-4C37-9EF0-D06EE89D7F95}.Release|Any CPU.ActiveCfg = Release|Any CPU
		{7DD2AAF7-3865-4C37-9EF0-D06EE89D7F95}.Release|Any CPU.Build.0 = Release|Any CPU
	EndGlobalSection
	GlobalSection(SolutionProperties) = preSolution
		HideSolutionNode = FALSE
	EndGlobalSection
	GlobalSection(ExtensibilityGlobals) = postSolution
		SolutionGuid = {D2A04CB7-BE6B-41E4-9693-026A8414AE4F}
	EndGlobalSection
EndGlobal
